
Microsoft Visual Studio Solution File, Format Version 12.00
# Visual Studio Version 16
VisualStudioVersion = 16.0.30002.166
MinimumVisualStudioVersion = 10.0.40219.1
Project("{9A19103F-16F7-4668-BE54-9A1E7A4F7556}") = "CacheManager", "CacheManager\CacheManager.csproj", "{1F899AB4-EF86-4DA0-B428-AEFE4D9743F6}"
EndProject
Project("{FAE04EC0-301F-11D3-BF4B-00C04F79EFBC}") = "CacheManager.Tests", "CacheManager.Tests\CacheManager.Tests.csproj", "{B64F7758-EBAC-478D-8AF1-0DBE3032F46A}"
EndProject
Global
	GlobalSection(SolutionConfigurationPlatforms) = preSolution
		Debug|Any CPU = Debug|Any CPU
		Release|Any CPU = Release|Any CPU
	EndGlobalSection
	GlobalSection(ProjectConfigurationPlatforms) = postSolution
		{1F899AB4-EF86-4DA0-B428-AEFE4D9743F6}.Debug|Any CPU.ActiveCfg = Debug|Any CPU
		{1F899AB4-EF86-4DA0-B428-AEFE4D9743F6}.Debug|Any CPU.Build.0 = Debug|Any CPU
		{1F899AB4-EF86-4DA0-B428-AEFE4D9743F6}.Release|Any CPU.ActiveCfg = Release|Any CPU
		{1F899AB4-EF86-4DA0-B428-AEFE4D9743F6}.Release|Any CPU.Build.0 = Release|Any CPU
		{B64F7758-EBAC-478D-8AF1-0DBE3032F46A}.Debug|Any CPU.ActiveCfg = Debug|Any CPU
		{B64F7758-EBAC-478D-8AF1-0DBE3032F46A}.Debug|Any CPU.Build.0 = Debug|Any CPU
		{B64F7758-EBAC-478D-8AF1-0DBE3032F46A}.Release|Any CPU.ActiveCfg = Release|Any CPU
		{B64F7758-EBAC-478D-8AF1-0DBE3032F46A}.Release|Any CPU.Build.0 = Release|Any CPU
	EndGlobalSection
	GlobalSection(SolutionProperties) = preSolution
		HideSolutionNode = FALSE
	EndGlobalSection
	GlobalSection(ExtensibilityGlobals) = postSolution
		SolutionGuid = {AB8853D6-4185-4C3A-95C4-C52E28615B53}
	EndGlobalSection
EndGlobal
